
Microsoft Visual Studio Solution File, Format Version 12.00
# Visual Studio Version 17
VisualStudioVersion = 17.3.32922.545
MinimumVisualStudioVersion = 10.0.40219.1
Project("{9A19103F-16F7-4668-BE54-9A1E7A4F7556}") = "MediaWiz.Forums", "MediaWiz.Core\MediaWiz.Forums.csproj", "{F5D9B20E-8B35-4E9A-A014-EBAB045DC427}"
EndProject
Global
	GlobalSection(SolutionConfigurationPlatforms) = preSolution
		Debug|Any CPU = Debug|Any CPU
		Release|Any CPU = Release|Any CPU
	EndGlobalSection
	GlobalSection(ProjectConfigurationPlatforms) = postSolution
		{F5D9B20E-8B35-4E9A-A014-EBAB045DC427}.Debug|Any CPU.ActiveCfg = Debug|Any CPU
		{F5D9B20E-8B35-4E9A-A014-EBAB045DC427}.Debug|Any CPU.Build.0 = Debug|Any CPU
		{F5D9B20E-8B35-4E9A-A014-EBAB045DC427}.Release|Any CPU.ActiveCfg = Release|Any CPU
		{F5D9B20E-8B35-4E9A-A014-EBAB045DC427}.Release|Any CPU.Build.0 = Release|Any CPU
	EndGlobalSection
	GlobalSection(SolutionProperties) = preSolution
		HideSolutionNode = FALSE
	EndGlobalSection
	GlobalSection(ExtensibilityGlobals) = postSolution
		SolutionGuid = {7C6D999E-3794-4F2A-877F-405AB129474B}
	EndGlobalSection
EndGlobal
