
Microsoft Visual Studio Solution File, Format Version 12.00
# Visual Studio Version 17
VisualStudioVersion = 17.3.32922.545
MinimumVisualStudioVersion = 10.0.40219.1
Project("{9A19103F-16F7-4668-BE54-9A1E7A4F7556}") = "MediaWiz.Package", "MediaWiz.Package\MediaWiz.Package.csproj", "{1302BB57-7DB8-4052-A3D7-D099263D778A}"
EndProject
Project("{9A19103F-16F7-4668-BE54-9A1E7A4F7556}") = "MediaWiz.Core", "MediaWiz.Core\MediaWiz.Core.csproj", "{F5D9B20E-8B35-4E9A-A014-EBAB045DC427}"
EndProject
Project("{9A19103F-16F7-4668-BE54-9A1E7A4F7556}") = "MediaWiz.TestSite", "MediaWiz.TestSite\MediaWiz.TestSite.csproj", "{B5DD03CC-8715-4A39-8179-939B77B79F27}"
EndProject
Global
	GlobalSection(SolutionConfigurationPlatforms) = preSolution
		Debug|Any CPU = Debug|Any CPU
		Release|Any CPU = Release|Any CPU
	EndGlobalSection
	GlobalSection(ProjectConfigurationPlatforms) = postSolution
		{1302BB57-7DB8-4052-A3D7-D099263D778A}.Debug|Any CPU.ActiveCfg = Debug|Any CPU
		{1302BB57-7DB8-4052-A3D7-D099263D778A}.Debug|Any CPU.Build.0 = Debug|Any CPU
		{1302BB57-7DB8-4052-A3D7-D099263D778A}.Release|Any CPU.ActiveCfg = Release|Any CPU
		{1302BB57-7DB8-4052-A3D7-D099263D778A}.Release|Any CPU.Build.0 = Release|Any CPU
		{F5D9B20E-8B35-4E9A-A014-EBAB045DC427}.Debug|Any CPU.ActiveCfg = Debug|Any CPU
		{F5D9B20E-8B35-4E9A-A014-EBAB045DC427}.Debug|Any CPU.Build.0 = Debug|Any CPU
		{F5D9B20E-8B35-4E9A-A014-EBAB045DC427}.Release|Any CPU.ActiveCfg = Release|Any CPU
		{F5D9B20E-8B35-4E9A-A014-EBAB045DC427}.Release|Any CPU.Build.0 = Release|Any CPU
		{B5DD03CC-8715-4A39-8179-939B77B79F27}.Debug|Any CPU.ActiveCfg = Debug|Any CPU
		{B5DD03CC-8715-4A39-8179-939B77B79F27}.Debug|Any CPU.Build.0 = Debug|Any CPU
		{B5DD03CC-8715-4A39-8179-939B77B79F27}.Release|Any CPU.ActiveCfg = Release|Any CPU
		{B5DD03CC-8715-4A39-8179-939B77B79F27}.Release|Any CPU.Build.0 = Release|Any CPU
	EndGlobalSection
	GlobalSection(SolutionProperties) = preSolution
		HideSolutionNode = FALSE
	EndGlobalSection
	GlobalSection(ExtensibilityGlobals) = postSolution
		SolutionGuid = {7C6D999E-3794-4F2A-877F-405AB129474B}
	EndGlobalSection
EndGlobal
